# This file is automatically @generated by Poetry 1.5.1 and should not be changed by hand.

[[package]]
name = "psycopg"
version = "3.1.18"
description = "PostgreSQL database adapter for Python"
optional = false
python-versions = ">=3.7"
files = [
    {file = "psycopg-3.1.18-py3-none-any.whl", hash = "sha256:4d5a0a5a8590906daa58ebd5f3cfc34091377354a1acced269dd10faf55da60e"},
    {file = "psycopg-3.1.18.tar.gz", hash = "sha256:31144d3fb4c17d78094d9e579826f047d4af1da6a10427d91dfcfb6ecdf6f12b"},
]

[package.dependencies]
typing-extensions = ">=4.1"
tzdata = {version = "*", markers = "sys_platform == \"win32\""}

[package.extras]
binary = ["psycopg-binary (==3.1.18)"]
c = ["psycopg-c (==3.1.18)"]
dev = ["black (>=24.1.0)", "codespell (>=2.2)", "dnspython (>=2.1)", "flake8 (>=4.0)", "mypy (>=1.4.1)", "types-setuptools (>=57.4)", "wheel (>=0.37)"]
docs = ["Sphinx (>=5.0)", "furo (==2022.6.21)", "sphinx-autobuild (>=2021.3.14)", "sphinx-autodoc-typehints (>=1.12)"]
pool = ["psycopg-pool"]
test = ["anyio (>=3.6.2,<4.0)", "mypy (>=1.4.1)", "pproxy (>=2.7)", "pytest (>=6.2.5)", "pytest-cov (>=3.0)", "pytest-randomly (>=3.5)"]

[[package]]
name = "typing-extensions"
version = "4.9.0"
description = "Backported and Experimental Type Hints for Python 3.8+"
optional = false
python-versions = ">=3.8"
files = [
    {file = "typing_extensions-4.9.0-py3-none-any.whl", hash = "sha256:af72aea155e91adfc61c3ae9e0e342dbc0cba726d6cba4b6c72c1f34e47291cd"},
    {file = "typing_extensions-4.9.0.tar.gz", hash = "sha256:23478f88c37f27d76ac8aee6c905017a143b0b1b886c3c9f66bc2fd94f9f5783"},
]

[[package]]
name = "tzdata"
version = "2024.1"
description = "Provider of IANA time zone data"
optional = false
python-versions = ">=2"
files = [
    {file = "tzdata-2024.1-py2.py3-none-any.whl", hash = "sha256:9068bc196136463f5245e51efda838afa15aaeca9903f49050dfa2679db4d252"},
    {file = "tzdata-2024.1.tar.gz", hash = "sha256:2674120f8d891909751c38abcdfd386ac0a5a1127954fbc332af6b5ceae07efd"},
]

[metadata]
lock-version = "2.0"
python-versions = "^3.10"
content-hash = "9f2b90ed00ba3cc24e808faa1a584225a8586c4a1761d14a385915966e4bdb23"
